
Microsoft Visual Studio Solution File, Format Version 12.00
# Visual Studio 15
VisualStudioVersion = 15.0.28010.2019
MinimumVisualStudioVersion = 10.0.40219.1
Project("{FAE04EC0-301F-11D3-BF4B-00C04F79EFBC}") = "ProductManagement", "ProductManagement\ProductManagement.csproj", "{0714C868-F421-41FD-92DA-7C044E74E728}"
EndProject
Project("{FAE04EC0-301F-11D3-BF4B-00C04F79EFBC}") = "ProductLibrary", "ProductLibrary\ProductLibrary.csproj", "{97363B97-3BFD-4AD7-B460-EDFF2D2CEBB4}"
EndProject
Global
	GlobalSection(SolutionConfigurationPlatforms) = preSolution
		Debug|Any CPU = Debug|Any CPU
		Release|Any CPU = Release|Any CPU
	EndGlobalSection
	GlobalSection(ProjectConfigurationPlatforms) = postSolution
		{0714C868-F421-41FD-92DA-7C044E74E728}.Debug|Any CPU.ActiveCfg = Debug|Any CPU
		{0714C868-F421-41FD-92DA-7C044E74E728}.Debug|Any CPU.Build.0 = Debug|Any CPU
		{0714C868-F421-41FD-92DA-7C044E74E728}.Release|Any CPU.ActiveCfg = Release|Any CPU
		{0714C868-F421-41FD-92DA-7C044E74E728}.Release|Any CPU.Build.0 = Release|Any CPU
		{97363B97-3BFD-4AD7-B460-EDFF2D2CEBB4}.Debug|Any CPU.ActiveCfg = Debug|Any CPU
		{97363B97-3BFD-4AD7-B460-EDFF2D2CEBB4}.Debug|Any CPU.Build.0 = Debug|Any CPU
		{97363B97-3BFD-4AD7-B460-EDFF2D2CEBB4}.Release|Any CPU.ActiveCfg = Release|Any CPU
		{97363B97-3BFD-4AD7-B460-EDFF2D2CEBB4}.Release|Any CPU.Build.0 = Release|Any CPU
	EndGlobalSection
	GlobalSection(SolutionProperties) = preSolution
		HideSolutionNode = FALSE
	EndGlobalSection
	GlobalSection(ExtensibilityGlobals) = postSolution
		SolutionGuid = {85849394-6CF6-42A5-BED7-B62732195A15}
	EndGlobalSection
EndGlobal
